// !$*UTF8*$!
{
	archiveVersion = 1;
	classes = {
	};
	objectVersion = 50;
	objects = {

/* Begin PBXBuildFile section */
		CA30E09D22BEB0090063895F /* SWRevealViewController.m in Sources */ = {isa = PBXBuildFile; fileRef = CA30E09B22BEB0090063895F /* SWRevealViewController.m */; };
		CA30E0A222BEB1F80063895F /* ChatVC.swift in Sources */ = {isa = PBXBuildFile; fileRef = CA30E0A122BEB1F80063895F /* ChatVC.swift */; };
		CA30E0A422BEB2130063895F /* ChannelVC.swift in Sources */ = {isa = PBXBuildFile; fileRef = CA30E0A322BEB2130063895F /* ChannelVC.swift */; };
		CAA8781822BF762B00D5F3F7 /* gradientView.swift in Sources */ = {isa = PBXBuildFile; fileRef = CAA8781722BF762B00D5F3F7 /* gradientView.swift */; };
		CAB8E83722BEAA570078CF91 /* AppDelegate.swift in Sources */ = {isa = PBXBuildFile; fileRef = CAB8E83622BEAA570078CF91 /* AppDelegate.swift */; };
		CAB8E83C22BEAA570078CF91 /* Main.storyboard in Resources */ = {isa = PBXBuildFile; fileRef = CAB8E83A22BEAA570078CF91 /* Main.storyboard */; };
		CAB8E83E22BEAA570078CF91 /* Assets.xcassets in Resources */ = {isa = PBXBuildFile; fileRef = CAB8E83D22BEAA570078CF91 /* Assets.xcassets */; };
		CAB8E84122BEAA570078CF91 /* LaunchScreen.storyboard in Resources */ = {isa = PBXBuildFile; fileRef = CAB8E83F22BEAA570078CF91 /* LaunchScreen.storyboard */; };
		CB09C4AEE5F6BB36C20232DD /* Pods_Messenger.framework in Frameworks */ = {isa = PBXBuildFile; fileRef = 9A00B9775D0F34BFCB8FF313 /* Pods_Messenger.framework */; };
/* End PBXBuildFile section */

/* Begin PBXFileReference section */
		70D115344AAFD771AD933523 /* Pods-Messenger.debug.xcconfig */ = {isa = PBXFileReference; includeInIndex = 1; lastKnownFileType = text.xcconfig; name = "Pods-Messenger.debug.xcconfig"; path = "Pods/Target Support Files/Pods-Messenger/Pods-Messenger.debug.xcconfig"; sourceTree = "<group>"; };
		9A00B9775D0F34BFCB8FF313 /* Pods_Messenger.framework */ = {isa = PBXFileReference; explicitFileType = wrapper.framework; includeInIndex = 0; path = Pods_Messenger.framework; sourceTree = BUILT_PRODUCTS_DIR; };
		CA30E09A22BEB0080063895F /* Messenger-Bridging-Header.h */ = {isa = PBXFileReference; lastKnownFileType = sourcecode.c.h; path = "Messenger-Bridging-Header.h"; sourceTree = "<group>"; };
		CA30E09B22BEB0090063895F /* SWRevealViewController.m */ = {isa = PBXFileReference; fileEncoding = 4; lastKnownFileType = sourcecode.c.objc; path = SWRevealViewController.m; sourceTree = "<group>"; };
		CA30E09C22BEB0090063895F /* SWRevealViewController.h */ = {isa = PBXFileReference; fileEncoding = 4; lastKnownFileType = sourcecode.c.h; path = SWRevealViewController.h; sourceTree = "<group>"; };
		CA30E0A122BEB1F80063895F /* ChatVC.swift */ = {isa = PBXFileReference; lastKnownFileType = sourcecode.swift; path = ChatVC.swift; sourceTree = "<group>"; };
		CA30E0A322BEB2130063895F /* ChannelVC.swift */ = {isa = PBXFileReference; lastKnownFileType = sourcecode.swift; path = ChannelVC.swift; sourceTree = "<group>"; };
		CAA8781722BF762B00D5F3F7 /* gradientView.swift */ = {isa = PBXFileReference; lastKnownFileType = sourcecode.swift; path = gradientView.swift; sourceTree = "<group>"; };
		CAB8E83322BEAA570078CF91 /* Messenger.app */ = {isa = PBXFileReference; explicitFileType = wrapper.application; includeInIndex = 0; path = Messenger.app; sourceTree = BUILT_PRODUCTS_DIR; };
		CAB8E83622BEAA570078CF91 /* AppDelegate.swift */ = {isa = PBXFileReference; lastKnownFileType = sourcecode.swift; path = AppDelegate.swift; sourceTree = "<group>"; };
		CAB8E83B22BEAA570078CF91 /* Base */ = {isa = PBXFileReference; lastKnownFileType = file.storyboard; name = Base; path = Base.lproj/Main.storyboard; sourceTree = "<group>"; };
		CAB8E83D22BEAA570078CF91 /* Assets.xcassets */ = {isa = PBXFileReference; lastKnownFileType = folder.assetcatalog; path = Assets.xcassets; sourceTree = "<group>"; };
		CAB8E84022BEAA570078CF91 /* Base */ = {isa = PBXFileReference; lastKnownFileType = file.storyboard; name = Base; path = Base.lproj/LaunchScreen.storyboard; sourceTree = "<group>"; };
		CAB8E84222BEAA570078CF91 /* Info.plist */ = {isa = PBXFileReference; lastKnownFileType = text.plist.xml; path = Info.plist; sourceTree = "<group>"; };
		DA656E223F03AFC579F12CDF /* Pods-Messenger.release.xcconfig */ = {isa = PBXFileReference; includeInIndex = 1; lastKnownFileType = text.xcconfig; name = "Pods-Messenger.release.xcconfig"; path = "Pods/Target Support Files/Pods-Messenger/Pods-Messenger.release.xcconfig"; sourceTree = "<group>"; };
/* End PBXFileReference section */

/* Begin PBXFrameworksBuildPhase section */
		CAB8E83022BEAA570078CF91 /* Frameworks */ = {
			isa = PBXFrameworksBuildPhase;
			buildActionMask = 2147483647;
			files = (
				CB09C4AEE5F6BB36C20232DD /* Pods_Messenger.framework in Frameworks */,
			);
			runOnlyForDeploymentPostprocessing = 0;
		};
/* End PBXFrameworksBuildPhase section */

/* Begin PBXGroup section */
		06C825B42084DA585E8C952A /* Frameworks */ = {
			isa = PBXGroup;
			children = (
				9A00B9775D0F34BFCB8FF313 /* Pods_Messenger.framework */,
			);
			name = Frameworks;
			sourceTree = "<group>";
		};
		892E0550AD97B0C1935F8CBD /* Pods */ = {
			isa = PBXGroup;
			children = (
				70D115344AAFD771AD933523 /* Pods-Messenger.debug.xcconfig */,
				DA656E223F03AFC579F12CDF /* Pods-Messenger.release.xcconfig */,
			);
			name = Pods;
			sourceTree = "<group>";
		};
		CA30E09922BEAFC20063895F /* Supporting Files */ = {
			isa = PBXGroup;
			children = (
				CA30E09C22BEB0090063895F /* SWRevealViewController.h */,
				CA30E09B22BEB0090063895F /* SWRevealViewController.m */,
				CA30E09A22BEB0080063895F /* Messenger-Bridging-Header.h */,
			);
			path = "Supporting Files";
			sourceTree = "<group>";
		};
		CA30E09E22BEB1C50063895F /* Model */ = {
			isa = PBXGroup;
			children = (
			);
			path = Model;
			sourceTree = "<group>";
		};
		CA30E09F22BEB1CD0063895F /* View */ = {
			isa = PBXGroup;
			children = (
				CAA8781722BF762B00D5F3F7 /* gradientView.swift */,
			);
			path = View;
			sourceTree = "<group>";
		};
		CA30E0A022BEB1D30063895F /* Controller */ = {
			isa = PBXGroup;
			children = (
				CA30E0A122BEB1F80063895F /* ChatVC.swift */,
				CA30E0A322BEB2130063895F /* ChannelVC.swift */,
			);
			path = Controller;
			sourceTree = "<group>";
		};
		CAB8E82A22BEAA570078CF91 = {
			isa = PBXGroup;
			children = (
				CA30E09922BEAFC20063895F /* Supporting Files */,
				CAB8E83522BEAA570078CF91 /* Messenger */,
				CAB8E83422BEAA570078CF91 /* Products */,
				892E0550AD97B0C1935F8CBD /* Pods */,
				06C825B42084DA585E8C952A /* Frameworks */,
			);
			sourceTree = "<group>";
		};
		CAB8E83422BEAA570078CF91 /* Products */ = {
			isa = PBXGroup;
			children = (
				CAB8E83322BEAA570078CF91 /* Messenger.app */,
			);
			name = Products;
			sourceTree = "<group>";
		};
		CAB8E83522BEAA570078CF91 /* Messenger */ = {
			isa = PBXGroup;
			children = (
				CA30E0A022BEB1D30063895F /* Controller */,
				CA30E09F22BEB1CD0063895F /* View */,
				CA30E09E22BEB1C50063895F /* Model */,
				CAB8E83622BEAA570078CF91 /* AppDelegate.swift */,
				CAB8E83A22BEAA570078CF91 /* Main.storyboard */,
				CAB8E83D22BEAA570078CF91 /* Assets.xcassets */,
				CAB8E83F22BEAA570078CF91 /* LaunchScreen.storyboard */,
				CAB8E84222BEAA570078CF91 /* Info.plist */,
			);
			path = Messenger;
			sourceTree = "<group>";
		};
/* End PBXGroup section */

/* Begin PBXNativeTarget section */
		CAB8E83222BEAA570078CF91 /* Messenger */ = {
			isa = PBXNativeTarget;
			buildConfigurationList = CAB8E84522BEAA570078CF91 /* Build configuration list for PBXNativeTarget "Messenger" */;
			buildPhases = (
				1FCFF9E551FF9421E3BBC795 /* [CP] Check Pods Manifest.lock */,
				CAB8E82F22BEAA570078CF91 /* Sources */,
				CAB8E83022BEAA570078CF91 /* Frameworks */,
				CAB8E83122BEAA570078CF91 /* Resources */,
				A6FE9C764D45BB22948D796B /* [CP] Embed Pods Frameworks */,
			);
			buildRules = (
			);
			dependencies = (
			);
			name = Messenger;
			productName = Messenger;
			productReference = CAB8E83322BEAA570078CF91 /* Messenger.app */;
			productType = "com.apple.product-type.application";
		};
/* End PBXNativeTarget section */

/* Begin PBXProject section */
		CAB8E82B22BEAA570078CF91 /* Project object */ = {
			isa = PBXProject;
			attributes = {
				LastSwiftUpdateCheck = 1020;
				LastUpgradeCheck = 1020;
				ORGANIZATIONNAME = "Maruf Khan";
				TargetAttributes = {
					CAB8E83222BEAA570078CF91 = {
						CreatedOnToolsVersion = 10.2.1;
						LastSwiftMigration = 1020;
					};
				};
			};
			buildConfigurationList = CAB8E82E22BEAA570078CF91 /* Build configuration list for PBXProject "Messenger" */;
			compatibilityVersion = "Xcode 9.3";
			developmentRegion = en;
			hasScannedForEncodings = 0;
			knownRegions = (
				en,
				Base,
			);
			mainGroup = CAB8E82A22BEAA570078CF91;
			productRefGroup = CAB8E83422BEAA570078CF91 /* Products */;
			projectDirPath = "";
			projectRoot = "";
			targets = (
				CAB8E83222BEAA570078CF91 /* Messenger */,
			);
		};
/* End PBXProject section */

/* Begin PBXResourcesBuildPhase section */
		CAB8E83122BEAA570078CF91 /* Resources */ = {
			isa = PBXResourcesBuildPhase;
			buildActionMask = 2147483647;
			files = (
				CAB8E84122BEAA570078CF91 /* LaunchScreen.storyboard in Resources */,
				CAB8E83E22BEAA570078CF91 /* Assets.xcassets in Resources */,
				CAB8E83C22BEAA570078CF91 /* Main.storyboard in Resources */,
			);
			runOnlyForDeploymentPostprocessing = 0;
		};
/* End PBXResourcesBuildPhase section */

/* Begin PBXShellScriptBuildPhase section */
		1FCFF9E551FF9421E3BBC795 /* [CP] Check Pods Manifest.lock */ = {
			isa = PBXShellScriptBuildPhase;
			buildActionMask = 2147483647;
			files = (
			);
			inputPaths = (
				"${PODS_PODFILE_DIR_PATH}/Podfile.lock",
				"${PODS_ROOT}/Manifest.lock",
			);
			name = "[CP] Check Pods Manifest.lock";
			outputPaths = (
				"$(DERIVED_FILE_DIR)/Pods-Messenger-checkManifestLockResult.txt",
			);
			runOnlyForDeploymentPostprocessing = 0;
			shellPath = /bin/sh;
			shellScript = "diff \"${PODS_PODFILE_DIR_PATH}/Podfile.lock\" \"${PODS_ROOT}/Manifest.lock\" > /dev/null\nif [ $? != 0 ] ; then\n    # print error to STDERR\n    echo \"error: The sandbox is not in sync with the Podfile.lock. Run 'pod install' or update your CocoaPods installation.\" >&2\n    exit 1\nfi\n# This output is used by Xcode 'outputs' to avoid re-running this script phase.\necho \"SUCCESS\" > \"${SCRIPT_OUTPUT_FILE_0}\"\n";
			showEnvVarsInLog = 0;
		};
		A6FE9C764D45BB22948D796B /* [CP] Embed Pods Frameworks */ = {
			isa = PBXShellScriptBuildPhase;
			buildActionMask = 2147483647;
			files = (
			);
			inputPaths = (
				"${SRCROOT}/Pods/Target Support Files/Pods-Messenger/Pods-Messenger-frameworks.sh",
				"${BUILT_PRODUCTS_DIR}/Alamofire/Alamofire.framework",
				"${BUILT_PRODUCTS_DIR}/Socket.IO-Client-Swift/SocketIO.framework",
				"${BUILT_PRODUCTS_DIR}/Starscream/Starscream.framework",
				"${BUILT_PRODUCTS_DIR}/SwiftyJSON/SwiftyJSON.framework",
			);
			name = "[CP] Embed Pods Frameworks";
			outputPaths = (
				"${TARGET_BUILD_DIR}/${FRAMEWORKS_FOLDER_PATH}/Alamofire.framework",
				"${TARGET_BUILD_DIR}/${FRAMEWORKS_FOLDER_PATH}/SocketIO.framework",
				"${TARGET_BUILD_DIR}/${FRAMEWORKS_FOLDER_PATH}/Starscream.framework",
				"${TARGET_BUILD_DIR}/${FRAMEWORKS_FOLDER_PATH}/SwiftyJSON.framework",
			);
			runOnlyForDeploymentPostprocessing = 0;
			shellPath = /bin/sh;
			shellScript = "\"${SRCROOT}/Pods/Target Support Files/Pods-Messenger/Pods-Messenger-frameworks.sh\"\n";
			showEnvVarsInLog = 0;
		};
/* End PBXShellScriptBuildPhase section */

/* Begin PBXSourcesBuildPhase section */
		CAB8E82F22BEAA570078CF91 /* Sources */ = {
			isa = PBXSourcesBuildPhase;
			buildActionMask = 2147483647;
			files = (
				CA30E0A422BEB2130063895F /* ChannelVC.swift in Sources */,
				CA30E0A222BEB1F80063895F /* ChatVC.swift in Sources */,
				CAA8781822BF762B00D5F3F7 /* gradientView.swift in Sources */,
				CAB8E83722BEAA570078CF91 /* AppDelegate.swift in Sources */,
				CA30E09D22BEB0090063895F /* SWRevealViewController.m in Sources */,
			);
			runOnlyForDeploymentPostprocessing = 0;
		};
/* End PBXSourcesBuildPhase section */

/* Begin PBXVariantGroup section */
		CAB8E83A22BEAA570078CF91 /* Main.storyboard */ = {
			isa = PBXVariantGroup;
			children = (
				CAB8E83B22BEAA570078CF91 /* Base */,
			);
			name = Main.storyboard;
			sourceTree = "<group>";
		};
		CAB8E83F22BEAA570078CF91 /* LaunchScreen.storyboard */ = {
			isa = PBXVariantGroup;
			children = (
				CAB8E84022BEAA570078CF91 /* Base */,
			);
			name = LaunchScreen.storyboard;
			sourceTree = "<group>";
		};
/* End PBXVariantGroup section */

/* Begin XCBuildConfiguration section */
		CAB8E84322BEAA570078CF91 /* Debug */ = {
			isa = XCBuildConfiguration;
			buildSettings = {
				ALWAYS_SEARCH_USER_PATHS = NO;
				CLANG_ANALYZER_NONNULL = YES;
				CLANG_ANALYZER_NUMBER_OBJECT_CONVERSION = YES_AGGRESSIVE;
				CLANG_CXX_LANGUAGE_STANDARD = "gnu++14";
				CLANG_CXX_LIBRARY = "libc++";
				CLANG_ENABLE_MODULES = YES;
				CLANG_ENABLE_OBJC_ARC = YES;
				CLANG_ENABLE_OBJC_WEAK = YES;
				CLANG_WARN_BLOCK_CAPTURE_AUTORELEASING = YES;
				CLANG_WARN_BOOL_CONVERSION = YES;
				CLANG_WARN_COMMA = YES;
				CLANG_WARN_CONSTANT_CONVERSION = YES;
				CLANG_WARN_DEPRECATED_OBJC_IMPLEMENTATIONS = YES;
				CLANG_WARN_DIRECT_OBJC_ISA_USAGE = YES_ERROR;
				CLANG_WARN_DOCUMENTATION_COMMENTS = YES;
				CLANG_WARN_EMPTY_BODY = YES;
				CLANG_WARN_ENUM_CONVERSION = YES;
				CLANG_WARN_INFINITE_RECURSION = YES;
				CLANG_WARN_INT_CONVERSION = YES;
				CLANG_WARN_NON_LITERAL_NULL_CONVERSION = YES;
				CLANG_WARN_OBJC_IMPLICIT_RETAIN_SELF = YES;
				CLANG_WARN_OBJC_LITERAL_CONVERSION = YES;
				CLANG_WARN_OBJC_ROOT_CLASS = YES_ERROR;
				CLANG_WARN_RANGE_LOOP_ANALYSIS = YES;
				CLANG_WARN_STRICT_PROTOTYPES = YES;
				CLANG_WARN_SUSPICIOUS_MOVE = YES;
				CLANG_WARN_UNGUARDED_AVAILABILITY = YES_AGGRESSIVE;
				CLANG_WARN_UNREACHABLE_CODE = YES;
				CLANG_WARN__DUPLICATE_METHOD_MATCH = YES;
				CODE_SIGN_IDENTITY = "iPhone Developer";
				COPY_PHASE_STRIP = NO;
				DEBUG_INFORMATION_FORMAT = dwarf;
				ENABLE_STRICT_OBJC_MSGSEND = YES;
				ENABLE_TESTABILITY = YES;
				GCC_C_LANGUAGE_STANDARD = gnu11;
				GCC_DYNAMIC_NO_PIC = NO;
				GCC_NO_COMMON_BLOCKS = YES;
				GCC_OPTIMIZATION_LEVEL = 0;
				GCC_PREPROCESSOR_DEFINITIONS = (
					"DEBUG=1",
					"$(inherited)",
				);
				GCC_WARN_64_TO_32_BIT_CONVERSION = YES;
				GCC_WARN_ABOUT_RETURN_TYPE = YES_ERROR;
				GCC_WARN_UNDECLARED_SELECTOR = YES;
				GCC_WARN_UNINITIALIZED_AUTOS = YES_AGGRESSIVE;
				GCC_WARN_UNUSED_FUNCTION = YES;
				GCC_WARN_UNUSED_VARIABLE = YES;
				IPHONEOS_DEPLOYMENT_TARGET = 12.2;
				MTL_ENABLE_DEBUG_INFO = INCLUDE_SOURCE;
				MTL_FAST_MATH = YES;
				ONLY_ACTIVE_ARCH = YES;
				SDKROOT = iphoneos;
				SWIFT_ACTIVE_COMPILATION_CONDITIONS = DEBUG;
				SWIFT_OPTIMIZATION_LEVEL = "-Onone";
			};
			name = Debug;
		};
		CAB8E84422BEAA570078CF91 /* Release */ = {
			isa = XCBuildConfiguration;
			buildSettings = {
				ALWAYS_SEARCH_USER_PATHS = NO;
				CLANG_ANALYZER_NONNULL = YES;
				CLANG_ANALYZER_NUMBER_OBJECT_CONVERSION = YES_AGGRESSIVE;
				CLANG_CXX_LANGUAGE_STANDARD = "gnu++14";
				CLANG_CXX_LIBRARY = "libc++";
				CLANG_ENABLE_MODULES = YES;
				CLANG_ENABLE_OBJC_ARC = YES;
				CLANG_ENABLE_OBJC_WEAK = YES;
				CLANG_WARN_BLOCK_CAPTURE_AUTORELEASING = YES;
				CLANG_WARN_BOOL_CONVERSION = YES;
				CLANG_WARN_COMMA = YES;
				CLANG_WARN_CONSTANT_CONVERSION = YES;
				CLANG_WARN_DEPRECATED_OBJC_IMPLEMENTATIONS = YES;
				CLANG_WARN_DIRECT_OBJC_ISA_USAGE = YES_ERROR;
				CLANG_WARN_DOCUMENTATION_COMMENTS = YES;
				CLANG_WARN_EMPTY_BODY = YES;
				CLANG_WARN_ENUM_CONVERSION = YES;
				CLANG_WARN_INFINITE_RECURSION = YES;
				CLANG_WARN_INT_CONVERSION = YES;
				CLANG_WARN_NON_LITERAL_NULL_CONVERSION = YES;
				CLANG_WARN_OBJC_IMPLICIT_RETAIN_SELF = YES;
				CLANG_WARN_OBJC_LITERAL_CONVERSION = YES;
				CLANG_WARN_OBJC_ROOT_CLASS = YES_ERROR;
				CLANG_WARN_RANGE_LOOP_ANALYSIS = YES;
				CLANG_WARN_STRICT_PROTOTYPES = YES;
				CLANG_WARN_SUSPICIOUS_MOVE = YES;
				CLANG_WARN_UNGUARDED_AVAILABILITY = YES_AGGRESSIVE;
				CLANG_WARN_UNREACHABLE_CODE = YES;
				CLANG_WARN__DUPLICATE_METHOD_MATCH = YES;
				CODE_SIGN_IDENTITY = "iPhone Developer";
				COPY_PHASE_STRIP = NO;
				DEBUG_INFORMATION_FORMAT = "dwarf-with-dsym";
				ENABLE_NS_ASSERTIONS = NO;
				ENABLE_STRICT_OBJC_MSGSEND = YES;
				GCC_C_LANGUAGE_STANDARD = gnu11;
				GCC_NO_COMMON_BLOCKS = YES;
				GCC_WARN_64_TO_32_BIT_CONVERSION = YES;
				GCC_WARN_ABOUT_RETURN_TYPE = YES_ERROR;
				GCC_WARN_UNDECLARED_SELECTOR = YES;
				GCC_WARN_UNINITIALIZED_AUTOS = YES_AGGRESSIVE;
				GCC_WARN_UNUSED_FUNCTION = YES;
				GCC_WARN_UNUSED_VARIABLE = YES;
				IPHONEOS_DEPLOYMENT_TARGET = 12.2;
				MTL_ENABLE_DEBUG_INFO = NO;
				MTL_FAST_MATH = YES;
				SDKROOT = iphoneos;
				SWIFT_COMPILATION_MODE = wholemodule;
				SWIFT_OPTIMIZATION_LEVEL = "-O";
				VALIDATE_PRODUCT = YES;
			};
			name = Release;
		};
		CAB8E84622BEAA570078CF91 /* Debug */ = {
			isa = XCBuildConfiguration;
			baseConfigurationReference = 70D115344AAFD771AD933523 /* Pods-Messenger.debug.xcconfig */;
			buildSettings = {
				ASSETCATALOG_COMPILER_APPICON_NAME = AppIcon;
				CLANG_ENABLE_MODULES = YES;
				CODE_SIGN_STYLE = Automatic;
				INFOPLIST_FILE = Messenger/Info.plist;
				IPHONEOS_DEPLOYMENT_TARGET = 11.0;
				LD_RUNPATH_SEARCH_PATHS = (
					"$(inherited)",
					"@executable_path/Frameworks",
				);
				PRODUCT_BUNDLE_IDENTIFIER = com.Messenger;
				PRODUCT_NAME = "$(TARGET_NAME)";
				SWIFT_OBJC_BRIDGING_HEADER = "Supporting Files/Messenger-Bridging-Header.h";
				SWIFT_OPTIMIZATION_LEVEL = "-Onone";
				SWIFT_VERSION = 4.0;
				TARGETED_DEVICE_FAMILY = "1,2";
			};
			name = Debug;
		};
		CAB8E84722BEAA570078CF91 /* Release */ = {
			isa = XCBuildConfiguration;
			baseConfigurationReference = DA656E223F03AFC579F12CDF /* Pods-Messenger.release.xcconfig */;
			buildSettings = {
				ASSETCATALOG_COMPILER_APPICON_NAME = AppIcon;
				CLANG_ENABLE_MODULES = YES;
				CODE_SIGN_STYLE = Automatic;
				INFOPLIST_FILE = Messenger/Info.plist;
				IPHONEOS_DEPLOYMENT_TARGET = 11.0;
				LD_RUNPATH_SEARCH_PATHS = (
					"$(inherited)",
					"@executable_path/Frameworks",
				);
				PRODUCT_BUNDLE_IDENTIFIER = com.Messenger;
				PRODUCT_NAME = "$(TARGET_NAME)";
				SWIFT_OBJC_BRIDGING_HEADER = "Supporting Files/Messenger-Bridging-Header.h";
				SWIFT_VERSION = 4.0;
				TARGETED_DEVICE_FAMILY = "1,2";
			};
			name = Release;
		};
/* End XCBuildConfiguration section */

/* Begin XCConfigurationList section */
		CAB8E82E22BEAA570078CF91 /* Build configuration list for PBXProject "Messenger" */ = {
			isa = XCConfigurationList;
			buildConfigurations = (
				CAB8E84322BEAA570078CF91 /* Debug */,
				CAB8E84422BEAA570078CF91 /* Release */,
			);
			defaultConfigurationIsVisible = 0;
			defaultConfigurationName = Release;
		};
		CAB8E84522BEAA570078CF91 /* Build configuration list for PBXNativeTarget "Messenger" */ = {
			isa = XCConfigurationList;
			buildConfigurations = (
				CAB8E84622BEAA570078CF91 /* Debug */,
				CAB8E84722BEAA570078CF91 /* Release */,
			);
			defaultConfigurationIsVisible = 0;
			defaultConfigurationName = Release;
		};
/* End XCConfigurationList section */
	};
	rootObject = CAB8E82B22BEAA570078CF91 /* Project object */;
}
